
Microsoft Visual Studio Solution File, Format Version 11.00
# Visual Studio 2010
Project("{FAE04EC0-301F-11D3-BF4B-00C04F79EFBC}") = "Taskr", "Taskr\Taskr.csproj", "{F17284D5-80E9-458C-A0C9-CC34A58DBB3F}"
EndProject
Project("{FAE04EC0-301F-11D3-BF4B-00C04F79EFBC}") = "Taskr.Core", "Taskr.Core\Taskr.Core.csproj", "{A1A8A081-D1C8-4070-BB41-6C2AE94EE0A0}"
EndProject
Project("{FAE04EC0-301F-11D3-BF4B-00C04F79EFBC}") = "Taskr.Core.Tests.Fast", "Taskr.Core.Tests.Fast\Taskr.Core.Tests.Fast.csproj", "{13B3CB7B-4247-4CCF-ADC1-3B1CAD8A060F}"
EndProject
Project("{FAE04EC0-301F-11D3-BF4B-00C04F79EFBC}") = "Taskr.Core.Tests.Slow.Process1", "Taskr.Core.Tests.Slow.Process1\Taskr.Core.Tests.Slow.Process1.csproj", "{CF04AF03-C9F8-4DB5-BE2D-CE6EDD15B78C}"
EndProject
Project("{FAE04EC0-301F-11D3-BF4B-00C04F79EFBC}") = "Taskr.Core.Tests.Slow.Process2", "Taskr.Core.Tests.Slow.Process2\Taskr.Core.Tests.Slow.Process2.csproj", "{ADBEC251-9C5A-4BB7-9683-E38960FC2B85}"
EndProject
Project("{FAE04EC0-301F-11D3-BF4B-00C04F79EFBC}") = "Taskr.Core.Tests.Slow", "Taskr.Core.Tests.Slow\Taskr.Core.Tests.Slow.csproj", "{66942CAF-3566-45C0-B76F-204AECB8A6C3}"
EndProject
Project("{FAE04EC0-301F-11D3-BF4B-00C04F79EFBC}") = "Editorial.Core", "..\..\dnr\Src\Editorial.Core\Editorial.Core.csproj", "{23E07B62-3F3B-485C-8E2C-55DDEF95D61E}"
EndProject
Global
	GlobalSection(SolutionConfigurationPlatforms) = preSolution
		Debug|Any CPU = Debug|Any CPU
		Debug|Mixed Platforms = Debug|Mixed Platforms
		Debug|x86 = Debug|x86
		Release|Any CPU = Release|Any CPU
		Release|Mixed Platforms = Release|Mixed Platforms
		Release|x86 = Release|x86
	EndGlobalSection
	GlobalSection(ProjectConfigurationPlatforms) = postSolution
		{F17284D5-80E9-458C-A0C9-CC34A58DBB3F}.Debug|Any CPU.ActiveCfg = Debug|x86
		{F17284D5-80E9-458C-A0C9-CC34A58DBB3F}.Debug|Mixed Platforms.ActiveCfg = Debug|x86
		{F17284D5-80E9-458C-A0C9-CC34A58DBB3F}.Debug|Mixed Platforms.Build.0 = Debug|x86
		{F17284D5-80E9-458C-A0C9-CC34A58DBB3F}.Debug|x86.ActiveCfg = Debug|x86
		{F17284D5-80E9-458C-A0C9-CC34A58DBB3F}.Debug|x86.Build.0 = Debug|x86
		{F17284D5-80E9-458C-A0C9-CC34A58DBB3F}.Release|Any CPU.ActiveCfg = Release|x86
		{F17284D5-80E9-458C-A0C9-CC34A58DBB3F}.Release|Mixed Platforms.ActiveCfg = Release|x86
		{F17284D5-80E9-458C-A0C9-CC34A58DBB3F}.Release|Mixed Platforms.Build.0 = Release|x86
		{F17284D5-80E9-458C-A0C9-CC34A58DBB3F}.Release|x86.ActiveCfg = Release|x86
		{F17284D5-80E9-458C-A0C9-CC34A58DBB3F}.Release|x86.Build.0 = Release|x86
		{A1A8A081-D1C8-4070-BB41-6C2AE94EE0A0}.Debug|Any CPU.ActiveCfg = Debug|Any CPU
		{A1A8A081-D1C8-4070-BB41-6C2AE94EE0A0}.Debug|Any CPU.Build.0 = Debug|Any CPU
		{A1A8A081-D1C8-4070-BB41-6C2AE94EE0A0}.Debug|Mixed Platforms.ActiveCfg = Debug|Any CPU
		{A1A8A081-D1C8-4070-BB41-6C2AE94EE0A0}.Debug|Mixed Platforms.Build.0 = Debug|Any CPU
		{A1A8A081-D1C8-4070-BB41-6C2AE94EE0A0}.Debug|x86.ActiveCfg = Debug|Any CPU
		{A1A8A081-D1C8-4070-BB41-6C2AE94EE0A0}.Release|Any CPU.ActiveCfg = Release|Any CPU
		{A1A8A081-D1C8-4070-BB41-6C2AE94EE0A0}.Release|Any CPU.Build.0 = Release|Any CPU
		{A1A8A081-D1C8-4070-BB41-6C2AE94EE0A0}.Release|Mixed Platforms.ActiveCfg = Release|Any CPU
		{A1A8A081-D1C8-4070-BB41-6C2AE94EE0A0}.Release|Mixed Platforms.Build.0 = Release|Any CPU
		{A1A8A081-D1C8-4070-BB41-6C2AE94EE0A0}.Release|x86.ActiveCfg = Release|Any CPU
		{13B3CB7B-4247-4CCF-ADC1-3B1CAD8A060F}.Debug|Any CPU.ActiveCfg = Debug|Any CPU
		{13B3CB7B-4247-4CCF-ADC1-3B1CAD8A060F}.Debug|Any CPU.Build.0 = Debug|Any CPU
		{13B3CB7B-4247-4CCF-ADC1-3B1CAD8A060F}.Debug|Mixed Platforms.ActiveCfg = Debug|Any CPU
		{13B3CB7B-4247-4CCF-ADC1-3B1CAD8A060F}.Debug|Mixed Platforms.Build.0 = Debug|Any CPU
		{13B3CB7B-4247-4CCF-ADC1-3B1CAD8A060F}.Debug|x86.ActiveCfg = Debug|Any CPU
		{13B3CB7B-4247-4CCF-ADC1-3B1CAD8A060F}.Release|Any CPU.ActiveCfg = Release|Any CPU
		{13B3CB7B-4247-4CCF-ADC1-3B1CAD8A060F}.Release|Any CPU.Build.0 = Release|Any CPU
		{13B3CB7B-4247-4CCF-ADC1-3B1CAD8A060F}.Release|Mixed Platforms.ActiveCfg = Release|Any CPU
		{13B3CB7B-4247-4CCF-ADC1-3B1CAD8A060F}.Release|Mixed Platforms.Build.0 = Release|Any CPU
		{13B3CB7B-4247-4CCF-ADC1-3B1CAD8A060F}.Release|x86.ActiveCfg = Release|Any CPU
		{CF04AF03-C9F8-4DB5-BE2D-CE6EDD15B78C}.Debug|Any CPU.ActiveCfg = Debug|x86
		{CF04AF03-C9F8-4DB5-BE2D-CE6EDD15B78C}.Debug|Mixed Platforms.ActiveCfg = Debug|x86
		{CF04AF03-C9F8-4DB5-BE2D-CE6EDD15B78C}.Debug|Mixed Platforms.Build.0 = Debug|x86
		{CF04AF03-C9F8-4DB5-BE2D-CE6EDD15B78C}.Debug|x86.ActiveCfg = Debug|x86
		{CF04AF03-C9F8-4DB5-BE2D-CE6EDD15B78C}.Debug|x86.Build.0 = Debug|x86
		{CF04AF03-C9F8-4DB5-BE2D-CE6EDD15B78C}.Release|Any CPU.ActiveCfg = Release|x86
		{CF04AF03-C9F8-4DB5-BE2D-CE6EDD15B78C}.Release|Mixed Platforms.ActiveCfg = Release|x86
		{CF04AF03-C9F8-4DB5-BE2D-CE6EDD15B78C}.Release|Mixed Platforms.Build.0 = Release|x86
		{CF04AF03-C9F8-4DB5-BE2D-CE6EDD15B78C}.Release|x86.ActiveCfg = Release|x86
		{CF04AF03-C9F8-4DB5-BE2D-CE6EDD15B78C}.Release|x86.Build.0 = Release|x86
		{ADBEC251-9C5A-4BB7-9683-E38960FC2B85}.Debug|Any CPU.ActiveCfg = Debug|x86
		{ADBEC251-9C5A-4BB7-9683-E38960FC2B85}.Debug|Mixed Platforms.ActiveCfg = Debug|x86
		{ADBEC251-9C5A-4BB7-9683-E38960FC2B85}.Debug|Mixed Platforms.Build.0 = Debug|x86
		{ADBEC251-9C5A-4BB7-9683-E38960FC2B85}.Debug|x86.ActiveCfg = Debug|x86
		{ADBEC251-9C5A-4BB7-9683-E38960FC2B85}.Debug|x86.Build.0 = Debug|x86
		{ADBEC251-9C5A-4BB7-9683-E38960FC2B85}.Release|Any CPU.ActiveCfg = Release|x86
		{ADBEC251-9C5A-4BB7-9683-E38960FC2B85}.Release|Mixed Platforms.ActiveCfg = Release|x86
		{ADBEC251-9C5A-4BB7-9683-E38960FC2B85}.Release|Mixed Platforms.Build.0 = Release|x86
		{ADBEC251-9C5A-4BB7-9683-E38960FC2B85}.Release|x86.ActiveCfg = Release|x86
		{ADBEC251-9C5A-4BB7-9683-E38960FC2B85}.Release|x86.Build.0 = Release|x86
		{66942CAF-3566-45C0-B76F-204AECB8A6C3}.Debug|Any CPU.ActiveCfg = Debug|Any CPU
		{66942CAF-3566-45C0-B76F-204AECB8A6C3}.Debug|Any CPU.Build.0 = Debug|Any CPU
		{66942CAF-3566-45C0-B76F-204AECB8A6C3}.Debug|Mixed Platforms.ActiveCfg = Debug|Any CPU
		{66942CAF-3566-45C0-B76F-204AECB8A6C3}.Debug|Mixed Platforms.Build.0 = Debug|Any CPU
		{66942CAF-3566-45C0-B76F-204AECB8A6C3}.Debug|x86.ActiveCfg = Debug|Any CPU
		{66942CAF-3566-45C0-B76F-204AECB8A6C3}.Release|Any CPU.ActiveCfg = Release|Any CPU
		{66942CAF-3566-45C0-B76F-204AECB8A6C3}.Release|Any CPU.Build.0 = Release|Any CPU
		{66942CAF-3566-45C0-B76F-204AECB8A6C3}.Release|Mixed Platforms.ActiveCfg = Release|Any CPU
		{66942CAF-3566-45C0-B76F-204AECB8A6C3}.Release|Mixed Platforms.Build.0 = Release|Any CPU
		{66942CAF-3566-45C0-B76F-204AECB8A6C3}.Release|x86.ActiveCfg = Release|Any CPU
		{23E07B62-3F3B-485C-8E2C-55DDEF95D61E}.Debug|Any CPU.ActiveCfg = Debug|Any CPU
		{23E07B62-3F3B-485C-8E2C-55DDEF95D61E}.Debug|Any CPU.Build.0 = Debug|Any CPU
		{23E07B62-3F3B-485C-8E2C-55DDEF95D61E}.Debug|Mixed Platforms.ActiveCfg = Debug|Any CPU
		{23E07B62-3F3B-485C-8E2C-55DDEF95D61E}.Debug|Mixed Platforms.Build.0 = Debug|Any CPU
		{23E07B62-3F3B-485C-8E2C-55DDEF95D61E}.Debug|x86.ActiveCfg = Debug|Any CPU
		{23E07B62-3F3B-485C-8E2C-55DDEF95D61E}.Release|Any CPU.ActiveCfg = Release|Any CPU
		{23E07B62-3F3B-485C-8E2C-55DDEF95D61E}.Release|Any CPU.Build.0 = Release|Any CPU
		{23E07B62-3F3B-485C-8E2C-55DDEF95D61E}.Release|Mixed Platforms.ActiveCfg = Release|Any CPU
		{23E07B62-3F3B-485C-8E2C-55DDEF95D61E}.Release|Mixed Platforms.Build.0 = Release|Any CPU
		{23E07B62-3F3B-485C-8E2C-55DDEF95D61E}.Release|x86.ActiveCfg = Release|Any CPU
	EndGlobalSection
	GlobalSection(SolutionProperties) = preSolution
		HideSolutionNode = FALSE
	EndGlobalSection
EndGlobal
